
Microsoft Visual Studio Solution File, Format Version 12.00
# Visual Studio Version 17
VisualStudioVersion = 17.5.33627.172
MinimumVisualStudioVersion = 10.0.40219.1
Project("{9A19103F-16F7-4668-BE54-9A1E7A4F7556}") = "GletredWpfEditor", "Editor\GletredWpfEditor\GletredWpfEditor.csproj", "{264D7233-B9FA-40BA-ABC4-5122CFED1EC1}"
EndProject
Project("{D954291E-2A0B-460D-934E-DC6B0785DB48}") = "GletredEdShare", "Share\GletredEdShare\GletredEdShare.shproj", "{2E540F1E-B60C-40F9-8750-EEAAE18BA98B}"
EndProject
Project("{2150E333-8FDC-42A3-9474-1A3956D46DE8}") = "Editor", "Editor", "{BC2D23F3-B0C1-42D6-B0FC-3273808E8C90}"
EndProject
Project("{2150E333-8FDC-42A3-9474-1A3956D46DE8}") = "Share", "Share", "{6C9F522A-1BC6-45D3-AABC-50ABF4B776DE}"
EndProject
Project("{2150E333-8FDC-42A3-9474-1A3956D46DE8}") = "Programs", "Programs", "{EDEBCF8E-C681-498E-9120-148E05713879}"
EndProject
Project("{FAE04EC0-301F-11D3-BF4B-00C04F79EFBC}") = "GletredConsole", "Programs\GletredConsole\GletredConsole.csproj", "{47001CBE-D563-46C7-B8F7-E5C9A01A96E6}"
EndProject
Project("{2150E333-8FDC-42A3-9474-1A3956D46DE8}") = "ThirdParty", "ThirdParty", "{A71F564E-E7FA-4E0B-99CB-07B3856ED7BE}"
EndProject
Project("{9A19103F-16F7-4668-BE54-9A1E7A4F7556}") = "AvalonDock", "ThirdParty\AvalonDock-master\source\Components\AvalonDock\AvalonDock.csproj", "{6807E2C4-AF18-414F-B854-E33C278651FE}"
EndProject
Project("{9A19103F-16F7-4668-BE54-9A1E7A4F7556}") = "AvalonDock.Themes.Metro", "ThirdParty\AvalonDock-master\source\Components\AvalonDock.Themes.Metro\AvalonDock.Themes.Metro.csproj", "{4B2B7ACE-0BD8-4ACA-A9BF-C1BD6F56A050}"
EndProject
Global
	GlobalSection(SolutionConfigurationPlatforms) = preSolution
		Debug|Any CPU = Debug|Any CPU
		Release|Any CPU = Release|Any CPU
	EndGlobalSection
	GlobalSection(ProjectConfigurationPlatforms) = postSolution
		{264D7233-B9FA-40BA-ABC4-5122CFED1EC1}.Debug|Any CPU.ActiveCfg = Debug|Any CPU
		{264D7233-B9FA-40BA-ABC4-5122CFED1EC1}.Debug|Any CPU.Build.0 = Debug|Any CPU
		{264D7233-B9FA-40BA-ABC4-5122CFED1EC1}.Release|Any CPU.ActiveCfg = Release|Any CPU
		{264D7233-B9FA-40BA-ABC4-5122CFED1EC1}.Release|Any CPU.Build.0 = Release|Any CPU
		{47001CBE-D563-46C7-B8F7-E5C9A01A96E6}.Debug|Any CPU.ActiveCfg = Debug|Any CPU
		{47001CBE-D563-46C7-B8F7-E5C9A01A96E6}.Debug|Any CPU.Build.0 = Debug|Any CPU
		{47001CBE-D563-46C7-B8F7-E5C9A01A96E6}.Release|Any CPU.ActiveCfg = Release|Any CPU
		{47001CBE-D563-46C7-B8F7-E5C9A01A96E6}.Release|Any CPU.Build.0 = Release|Any CPU
		{6807E2C4-AF18-414F-B854-E33C278651FE}.Debug|Any CPU.ActiveCfg = Debug|Any CPU
		{6807E2C4-AF18-414F-B854-E33C278651FE}.Debug|Any CPU.Build.0 = Debug|Any CPU
		{6807E2C4-AF18-414F-B854-E33C278651FE}.Release|Any CPU.ActiveCfg = Release|Any CPU
		{6807E2C4-AF18-414F-B854-E33C278651FE}.Release|Any CPU.Build.0 = Release|Any CPU
		{4B2B7ACE-0BD8-4ACA-A9BF-C1BD6F56A050}.Debug|Any CPU.ActiveCfg = Debug|Any CPU
		{4B2B7ACE-0BD8-4ACA-A9BF-C1BD6F56A050}.Debug|Any CPU.Build.0 = Debug|Any CPU
		{4B2B7ACE-0BD8-4ACA-A9BF-C1BD6F56A050}.Release|Any CPU.ActiveCfg = Release|Any CPU
		{4B2B7ACE-0BD8-4ACA-A9BF-C1BD6F56A050}.Release|Any CPU.Build.0 = Release|Any CPU
	EndGlobalSection
	GlobalSection(SolutionProperties) = preSolution
		HideSolutionNode = FALSE
	EndGlobalSection
	GlobalSection(NestedProjects) = preSolution
		{264D7233-B9FA-40BA-ABC4-5122CFED1EC1} = {BC2D23F3-B0C1-42D6-B0FC-3273808E8C90}
		{2E540F1E-B60C-40F9-8750-EEAAE18BA98B} = {6C9F522A-1BC6-45D3-AABC-50ABF4B776DE}
		{47001CBE-D563-46C7-B8F7-E5C9A01A96E6} = {EDEBCF8E-C681-498E-9120-148E05713879}
		{6807E2C4-AF18-414F-B854-E33C278651FE} = {A71F564E-E7FA-4E0B-99CB-07B3856ED7BE}
		{4B2B7ACE-0BD8-4ACA-A9BF-C1BD6F56A050} = {A71F564E-E7FA-4E0B-99CB-07B3856ED7BE}
	EndGlobalSection
	GlobalSection(ExtensibilityGlobals) = postSolution
		SolutionGuid = {44B99F6D-8DCC-423F-BE2D-EF2B56E23427}
	EndGlobalSection
	GlobalSection(SharedMSBuildProjectFiles) = preSolution
		Share\GletredEdShare\GletredEdShare.projitems*{264d7233-b9fa-40ba-abc4-5122cfed1ec1}*SharedItemsImports = 5
		Share\GletredEdShare\GletredEdShare.projitems*{2e540f1e-b60c-40f9-8750-eeaae18ba98b}*SharedItemsImports = 13
		Share\GletredEdShare\GletredEdShare.projitems*{47001cbe-d563-46c7-b8f7-e5c9a01a96e6}*SharedItemsImports = 5
	EndGlobalSection
EndGlobal
